
Microsoft Visual Studio Solution File, Format Version 12.00
# Visual Studio 15
VisualStudioVersion = 15.0.26615.0
MinimumVisualStudioVersion = 10.0.40219.1
Project("{9A19103F-16F7-4668-BE54-9A1E7A4F7556}") = "PerfForFunz", "PerfForFunz.csproj", "{ABB4653C-1EA8-4937-96C0-14A6AD47B93F}"
EndProject
Global
	GlobalSection(SolutionConfigurationPlatforms) = preSolution
		Debug|Any CPU = Debug|Any CPU
		Debug|x64 = Debug|x64
		Release|Any CPU = Release|Any CPU
		Release|x64 = Release|x64
	EndGlobalSection
	GlobalSection(ProjectConfigurationPlatforms) = postSolution
		{ABB4653C-1EA8-4937-96C0-14A6AD47B93F}.Debug|Any CPU.ActiveCfg = Debug|Any CPU
		{ABB4653C-1EA8-4937-96C0-14A6AD47B93F}.Debug|Any CPU.Build.0 = Debug|Any CPU
		{ABB4653C-1EA8-4937-96C0-14A6AD47B93F}.Debug|x64.ActiveCfg = Debug|x64
		{ABB4653C-1EA8-4937-96C0-14A6AD47B93F}.Debug|x64.Build.0 = Debug|x64
		{ABB4653C-1EA8-4937-96C0-14A6AD47B93F}.Release|Any CPU.ActiveCfg = Release|Any CPU
		{ABB4653C-1EA8-4937-96C0-14A6AD47B93F}.Release|Any CPU.Build.0 = Release|Any CPU
		{ABB4653C-1EA8-4937-96C0-14A6AD47B93F}.Release|x64.ActiveCfg = Release|x64
		{ABB4653C-1EA8-4937-96C0-14A6AD47B93F}.Release|x64.Build.0 = Release|x64
	EndGlobalSection
	GlobalSection(SolutionProperties) = preSolution
		HideSolutionNode = FALSE
	EndGlobalSection
	GlobalSection(ExtensibilityGlobals) = postSolution
		SolutionGuid = {455A26B7-7462-471E-B8BF-96A9449E8D98}
	EndGlobalSection
EndGlobal
